{
  "name": "rpi-sensors",
  "version": "1.0.0",
  "lockfileVersion": 1,
  "requires": true,
  "dependencies": {
    "raspi-sensors": {
      "version": "0.2.11",
      "resolved": "https://registry.npmjs.org/raspi-sensors/-/raspi-sensors-0.2.11.tgz",
      "integrity": "sha1-Oj1A9U5CHuRmwlyal4SjQ42dN88="
    }
  }
}
